// !$*UTF8*$!
{
	archiveVersion = 1;
	classes = {
	};
	objectVersion = 56;
	objects = {

/* Begin PBXBuildFile section */
		6725EFD12A7E1AF20001F0F2 /* ViewControllerSecond.swift in Sources */ = {isa = PBXBuildFile; fileRef = 6725EFD02A7E1AF20001F0F2 /* ViewControllerSecond.swift */; };
		674AEBB02A7E19A2004DC4CF /* AppDelegate.swift in Sources */ = {isa = PBXBuildFile; fileRef = 674AEBAF2A7E19A2004DC4CF /* AppDelegate.swift */; };
		674AEBB22A7E19A2004DC4CF /* SceneDelegate.swift in Sources */ = {isa = PBXBuildFile; fileRef = 674AEBB12A7E19A2004DC4CF /* SceneDelegate.swift */; };
		674AEBB42A7E19A2004DC4CF /* ViewControllerFirst.swift in Sources */ = {isa = PBXBuildFile; fileRef = 674AEBB32A7E19A2004DC4CF /* ViewControllerFirst.swift */; };
		674AEBB72A7E19A2004DC4CF /* Main.storyboard in Resources */ = {isa = PBXBuildFile; fileRef = 674AEBB52A7E19A2004DC4CF /* Main.storyboard */; };
		674AEBB92A7E19A4004DC4CF /* Assets.xcassets in Resources */ = {isa = PBXBuildFile; fileRef = 674AEBB82A7E19A4004DC4CF /* Assets.xcassets */; };
		674AEBBC2A7E19A4004DC4CF /* LaunchScreen.storyboard in Resources */ = {isa = PBXBuildFile; fileRef = 674AEBBA2A7E19A4004DC4CF /* LaunchScreen.storyboard */; };
/* End PBXBuildFile section */

/* Begin PBXFileReference section */
		6725EFD02A7E1AF20001F0F2 /* ViewControllerSecond.swift */ = {isa = PBXFileReference; lastKnownFileType = sourcecode.swift; path = ViewControllerSecond.swift; sourceTree = "<group>"; };
		674AEBAC2A7E19A2004DC4CF /* Learning-Segues-99.app */ = {isa = PBXFileReference; explicitFileType = wrapper.application; includeInIndex = 0; path = "Learning-Segues-99.app"; sourceTree = BUILT_PRODUCTS_DIR; };
		674AEBAF2A7E19A2004DC4CF /* AppDelegate.swift */ = {isa = PBXFileReference; lastKnownFileType = sourcecode.swift; path = AppDelegate.swift; sourceTree = "<group>"; };
		674AEBB12A7E19A2004DC4CF /* SceneDelegate.swift */ = {isa = PBXFileReference; lastKnownFileType = sourcecode.swift; path = SceneDelegate.swift; sourceTree = "<group>"; };
		674AEBB32A7E19A2004DC4CF /* ViewControllerFirst.swift */ = {isa = PBXFileReference; lastKnownFileType = sourcecode.swift; path = ViewControllerFirst.swift; sourceTree = "<group>"; };
		674AEBB62A7E19A2004DC4CF /* Base */ = {isa = PBXFileReference; lastKnownFileType = file.storyboard; name = Base; path = Base.lproj/Main.storyboard; sourceTree = "<group>"; };
		674AEBB82A7E19A4004DC4CF /* Assets.xcassets */ = {isa = PBXFileReference; lastKnownFileType = folder.assetcatalog; path = Assets.xcassets; sourceTree = "<group>"; };
		674AEBBB2A7E19A4004DC4CF /* Base */ = {isa = PBXFileReference; lastKnownFileType = file.storyboard; name = Base; path = Base.lproj/LaunchScreen.storyboard; sourceTree = "<group>"; };
		674AEBBD2A7E19A4004DC4CF /* Info.plist */ = {isa = PBXFileReference; lastKnownFileType = text.plist.xml; path = Info.plist; sourceTree = "<group>"; };
/* End PBXFileReference section */

/* Begin PBXFrameworksBuildPhase section */
		674AEBA92A7E19A2004DC4CF /* Frameworks */ = {
			isa = PBXFrameworksBuildPhase;
			buildActionMask = 2147483647;
			files = (
			);
			runOnlyForDeploymentPostprocessing = 0;
		};
/* End PBXFrameworksBuildPhase section */

/* Begin PBXGroup section */
		674AEBA32A7E19A2004DC4CF = {
			isa = PBXGroup;
			children = (
				674AEBAE2A7E19A2004DC4CF /* Learning-Segues-99 */,
				674AEBAD2A7E19A2004DC4CF /* Products */,
			);
			sourceTree = "<group>";
		};
		674AEBAD2A7E19A2004DC4CF /* Products */ = {
			isa = PBXGroup;
			children = (
				674AEBAC2A7E19A2004DC4CF /* Learning-Segues-99.app */,
			);
			name = Products;
			sourceTree = "<group>";
		};
		674AEBAE2A7E19A2004DC4CF /* Learning-Segues-99 */ = {
			isa = PBXGroup;
			children = (
				674AEBAF2A7E19A2004DC4CF /* AppDelegate.swift */,
				674AEBB12A7E19A2004DC4CF /* SceneDelegate.swift */,
				674AEBC32A7E19CF004DC4CF /* Controllers */,
				674AEBC42A7E19DE004DC4CF /* Views */,
				674AEBB82A7E19A4004DC4CF /* Assets.xcassets */,
				674AEBBA2A7E19A4004DC4CF /* LaunchScreen.storyboard */,
				674AEBBD2A7E19A4004DC4CF /* Info.plist */,
			);
			path = "Learning-Segues-99";
			sourceTree = "<group>";
		};
		674AEBC32A7E19CF004DC4CF /* Controllers */ = {
			isa = PBXGroup;
			children = (
				674AEBB32A7E19A2004DC4CF /* ViewControllerFirst.swift */,
				6725EFD02A7E1AF20001F0F2 /* ViewControllerSecond.swift */,
			);
			path = Controllers;
			sourceTree = "<group>";
		};
		674AEBC42A7E19DE004DC4CF /* Views */ = {
			isa = PBXGroup;
			children = (
				674AEBB52A7E19A2004DC4CF /* Main.storyboard */,
			);
			path = Views;
			sourceTree = "<group>";
		};
/* End PBXGroup section */

/* Begin PBXNativeTarget section */
		674AEBAB2A7E19A2004DC4CF /* Learning-Segues-99 */ = {
			isa = PBXNativeTarget;
			buildConfigurationList = 674AEBC02A7E19A4004DC4CF /* Build configuration list for PBXNativeTarget "Learning-Segues-99" */;
			buildPhases = (
				674AEBA82A7E19A2004DC4CF /* Sources */,
				674AEBA92A7E19A2004DC4CF /* Frameworks */,
				674AEBAA2A7E19A2004DC4CF /* Resources */,
			);
			buildRules = (
			);
			dependencies = (
			);
			name = "Learning-Segues-99";
			productName = "Learning-Segues-99";
			productReference = 674AEBAC2A7E19A2004DC4CF /* Learning-Segues-99.app */;
			productType = "com.apple.product-type.application";
		};
/* End PBXNativeTarget section */

/* Begin PBXProject section */
		674AEBA42A7E19A2004DC4CF /* Project object */ = {
			isa = PBXProject;
			attributes = {
				BuildIndependentTargetsInParallel = 1;
				LastSwiftUpdateCheck = 1410;
				LastUpgradeCheck = 1410;
				TargetAttributes = {
					674AEBAB2A7E19A2004DC4CF = {
						CreatedOnToolsVersion = 14.1;
					};
				};
			};
			buildConfigurationList = 674AEBA72A7E19A2004DC4CF /* Build configuration list for PBXProject "Learning-Segues-99" */;
			compatibilityVersion = "Xcode 14.0";
			developmentRegion = en;
			hasScannedForEncodings = 0;
			knownRegions = (
				en,
				Base,
			);
			mainGroup = 674AEBA32A7E19A2004DC4CF;
			productRefGroup = 674AEBAD2A7E19A2004DC4CF /* Products */;
			projectDirPath = "";
			projectRoot = "";
			targets = (
				674AEBAB2A7E19A2004DC4CF /* Learning-Segues-99 */,
			);
		};
/* End PBXProject section */

/* Begin PBXResourcesBuildPhase section */
		674AEBAA2A7E19A2004DC4CF /* Resources */ = {
			isa = PBXResourcesBuildPhase;
			buildActionMask = 2147483647;
			files = (
				674AEBBC2A7E19A4004DC4CF /* LaunchScreen.storyboard in Resources */,
				674AEBB92A7E19A4004DC4CF /* Assets.xcassets in Resources */,
				674AEBB72A7E19A2004DC4CF /* Main.storyboard in Resources */,
			);
			runOnlyForDeploymentPostprocessing = 0;
		};
/* End PBXResourcesBuildPhase section */

/* Begin PBXSourcesBuildPhase section */
		674AEBA82A7E19A2004DC4CF /* Sources */ = {
			isa = PBXSourcesBuildPhase;
			buildActionMask = 2147483647;
			files = (
				6725EFD12A7E1AF20001F0F2 /* ViewControllerSecond.swift in Sources */,
				674AEBB42A7E19A2004DC4CF /* ViewControllerFirst.swift in Sources */,
				674AEBB02A7E19A2004DC4CF /* AppDelegate.swift in Sources */,
				674AEBB22A7E19A2004DC4CF /* SceneDelegate.swift in Sources */,
			);
			runOnlyForDeploymentPostprocessing = 0;
		};
/* End PBXSourcesBuildPhase section */

/* Begin PBXVariantGroup section */
		674AEBB52A7E19A2004DC4CF /* Main.storyboard */ = {
			isa = PBXVariantGroup;
			children = (
				674AEBB62A7E19A2004DC4CF /* Base */,
			);
			name = Main.storyboard;
			sourceTree = "<group>";
		};
		674AEBBA2A7E19A4004DC4CF /* LaunchScreen.storyboard */ = {
			isa = PBXVariantGroup;
			children = (
				674AEBBB2A7E19A4004DC4CF /* Base */,
			);
			name = LaunchScreen.storyboard;
			sourceTree = "<group>";
		};
/* End PBXVariantGroup section */

/* Begin XCBuildConfiguration section */
		674AEBBE2A7E19A4004DC4CF /* Debug */ = {
			isa = XCBuildConfiguration;
			buildSettings = {
				ALWAYS_SEARCH_USER_PATHS = NO;
				CLANG_ANALYZER_NONNULL = YES;
				CLANG_ANALYZER_NUMBER_OBJECT_CONVERSION = YES_AGGRESSIVE;
				CLANG_CXX_LANGUAGE_STANDARD = "gnu++20";
				CLANG_ENABLE_MODULES = YES;
				CLANG_ENABLE_OBJC_ARC = YES;
				CLANG_ENABLE_OBJC_WEAK = YES;
				CLANG_WARN_BLOCK_CAPTURE_AUTORELEASING = YES;
				CLANG_WARN_BOOL_CONVERSION = YES;
				CLANG_WARN_COMMA = YES;
				CLANG_WARN_CONSTANT_CONVERSION = YES;
				CLANG_WARN_DEPRECATED_OBJC_IMPLEMENTATIONS = YES;
				CLANG_WARN_DIRECT_OBJC_ISA_USAGE = YES_ERROR;
				CLANG_WARN_DOCUMENTATION_COMMENTS = YES;
				CLANG_WARN_EMPTY_BODY = YES;
				CLANG_WARN_ENUM_CONVERSION = YES;
				CLANG_WARN_INFINITE_RECURSION = YES;
				CLANG_WARN_INT_CONVERSION = YES;
				CLANG_WARN_NON_LITERAL_NULL_CONVERSION = YES;
				CLANG_WARN_OBJC_IMPLICIT_RETAIN_SELF = YES;
				CLANG_WARN_OBJC_LITERAL_CONVERSION = YES;
				CLANG_WARN_OBJC_ROOT_CLASS = YES_ERROR;
				CLANG_WARN_QUOTED_INCLUDE_IN_FRAMEWORK_HEADER = YES;
				CLANG_WARN_RANGE_LOOP_ANALYSIS = YES;
				CLANG_WARN_STRICT_PROTOTYPES = YES;
				CLANG_WARN_SUSPICIOUS_MOVE = YES;
				CLANG_WARN_UNGUARDED_AVAILABILITY = YES_AGGRESSIVE;
				CLANG_WARN_UNREACHABLE_CODE = YES;
				CLANG_WARN__DUPLICATE_METHOD_MATCH = YES;
				COPY_PHASE_STRIP = NO;
				DEBUG_INFORMATION_FORMAT = dwarf;
				ENABLE_STRICT_OBJC_MSGSEND = YES;
				ENABLE_TESTABILITY = YES;
				GCC_C_LANGUAGE_STANDARD = gnu11;
				GCC_DYNAMIC_NO_PIC = NO;
				GCC_NO_COMMON_BLOCKS = YES;
				GCC_OPTIMIZATION_LEVEL = 0;
				GCC_PREPROCESSOR_DEFINITIONS = (
					"DEBUG=1",
					"$(inherited)",
				);
				GCC_WARN_64_TO_32_BIT_CONVERSION = YES;
				GCC_WARN_ABOUT_RETURN_TYPE = YES_ERROR;
				GCC_WARN_UNDECLARED_SELECTOR = YES;
				GCC_WARN_UNINITIALIZED_AUTOS = YES_AGGRESSIVE;
				GCC_WARN_UNUSED_FUNCTION = YES;
				GCC_WARN_UNUSED_VARIABLE = YES;
				IPHONEOS_DEPLOYMENT_TARGET = 16.1;
				MTL_ENABLE_DEBUG_INFO = INCLUDE_SOURCE;
				MTL_FAST_MATH = YES;
				ONLY_ACTIVE_ARCH = YES;
				SDKROOT = iphoneos;
				SWIFT_ACTIVE_COMPILATION_CONDITIONS = DEBUG;
				SWIFT_OPTIMIZATION_LEVEL = "-Onone";
			};
			name = Debug;
		};
		674AEBBF2A7E19A4004DC4CF /* Release */ = {
			isa = XCBuildConfiguration;
			buildSettings = {
				ALWAYS_SEARCH_USER_PATHS = NO;
				CLANG_ANALYZER_NONNULL = YES;
				CLANG_ANALYZER_NUMBER_OBJECT_CONVERSION = YES_AGGRESSIVE;
				CLANG_CXX_LANGUAGE_STANDARD = "gnu++20";
				CLANG_ENABLE_MODULES = YES;
				CLANG_ENABLE_OBJC_ARC = YES;
				CLANG_ENABLE_OBJC_WEAK = YES;
				CLANG_WARN_BLOCK_CAPTURE_AUTORELEASING = YES;
				CLANG_WARN_BOOL_CONVERSION = YES;
				CLANG_WARN_COMMA = YES;
				CLANG_WARN_CONSTANT_CONVERSION = YES;
				CLANG_WARN_DEPRECATED_OBJC_IMPLEMENTATIONS = YES;
				CLANG_WARN_DIRECT_OBJC_ISA_USAGE = YES_ERROR;
				CLANG_WARN_DOCUMENTATION_COMMENTS = YES;
				CLANG_WARN_EMPTY_BODY = YES;
				CLANG_WARN_ENUM_CONVERSION = YES;
				CLANG_WARN_INFINITE_RECURSION = YES;
				CLANG_WARN_INT_CONVERSION = YES;
				CLANG_WARN_NON_LITERAL_NULL_CONVERSION = YES;
				CLANG_WARN_OBJC_IMPLICIT_RETAIN_SELF = YES;
				CLANG_WARN_OBJC_LITERAL_CONVERSION = YES;
				CLANG_WARN_OBJC_ROOT_CLASS = YES_ERROR;
				CLANG_WARN_QUOTED_INCLUDE_IN_FRAMEWORK_HEADER = YES;
				CLANG_WARN_RANGE_LOOP_ANALYSIS = YES;
				CLANG_WARN_STRICT_PROTOTYPES = YES;
				CLANG_WARN_SUSPICIOUS_MOVE = YES;
				CLANG_WARN_UNGUARDED_AVAILABILITY = YES_AGGRESSIVE;
				CLANG_WARN_UNREACHABLE_CODE = YES;
				CLANG_WARN__DUPLICATE_METHOD_MATCH = YES;
				COPY_PHASE_STRIP = NO;
				DEBUG_INFORMATION_FORMAT = "dwarf-with-dsym";
				ENABLE_NS_ASSERTIONS = NO;
				ENABLE_STRICT_OBJC_MSGSEND = YES;
				GCC_C_LANGUAGE_STANDARD = gnu11;
				GCC_NO_COMMON_BLOCKS = YES;
				GCC_WARN_64_TO_32_BIT_CONVERSION = YES;
				GCC_WARN_ABOUT_RETURN_TYPE = YES_ERROR;
				GCC_WARN_UNDECLARED_SELECTOR = YES;
				GCC_WARN_UNINITIALIZED_AUTOS = YES_AGGRESSIVE;
				GCC_WARN_UNUSED_FUNCTION = YES;
				GCC_WARN_UNUSED_VARIABLE = YES;
				IPHONEOS_DEPLOYMENT_TARGET = 16.1;
				MTL_ENABLE_DEBUG_INFO = NO;
				MTL_FAST_MATH = YES;
				SDKROOT = iphoneos;
				SWIFT_COMPILATION_MODE = wholemodule;
				SWIFT_OPTIMIZATION_LEVEL = "-O";
				VALIDATE_PRODUCT = YES;
			};
			name = Release;
		};
		674AEBC12A7E19A4004DC4CF /* Debug */ = {
			isa = XCBuildConfiguration;
			buildSettings = {
				ASSETCATALOG_COMPILER_APPICON_NAME = AppIcon;
				ASSETCATALOG_COMPILER_GLOBAL_ACCENT_COLOR_NAME = AccentColor;
				CODE_SIGN_STYLE = Automatic;
				CURRENT_PROJECT_VERSION = 1;
				DEVELOPMENT_TEAM = 7XJ4PCT6TX;
				GENERATE_INFOPLIST_FILE = YES;
				INFOPLIST_FILE = "Learning-Segues-99/Info.plist";
				INFOPLIST_KEY_UIApplicationSupportsIndirectInputEvents = YES;
				INFOPLIST_KEY_UILaunchStoryboardName = LaunchScreen;
				INFOPLIST_KEY_UIMainStoryboardFile = Main;
				INFOPLIST_KEY_UISupportedInterfaceOrientations_iPad = "UIInterfaceOrientationPortrait UIInterfaceOrientationPortraitUpsideDown UIInterfaceOrientationLandscapeLeft UIInterfaceOrientationLandscapeRight";
				INFOPLIST_KEY_UISupportedInterfaceOrientations_iPhone = "UIInterfaceOrientationPortrait UIInterfaceOrientationLandscapeLeft UIInterfaceOrientationLandscapeRight";
				LD_RUNPATH_SEARCH_PATHS = (
					"$(inherited)",
					"@executable_path/Frameworks",
				);
				MARKETING_VERSION = 1.0;
				PRODUCT_BUNDLE_IDENTIFIER = "com.canbaltaci.Learning-Segues-99";
				PRODUCT_NAME = "$(TARGET_NAME)";
				SWIFT_EMIT_LOC_STRINGS = YES;
				SWIFT_VERSION = 5.0;
				TARGETED_DEVICE_FAMILY = "1,2";
			};
			name = Debug;
		};
		674AEBC22A7E19A4004DC4CF /* Release */ = {
			isa = XCBuildConfiguration;
			buildSettings = {
				ASSETCATALOG_COMPILER_APPICON_NAME = AppIcon;
				ASSETCATALOG_COMPILER_GLOBAL_ACCENT_COLOR_NAME = AccentColor;
				CODE_SIGN_STYLE = Automatic;
				CURRENT_PROJECT_VERSION = 1;
				DEVELOPMENT_TEAM = 7XJ4PCT6TX;
				GENERATE_INFOPLIST_FILE = YES;
				INFOPLIST_FILE = "Learning-Segues-99/Info.plist";
				INFOPLIST_KEY_UIApplicationSupportsIndirectInputEvents = YES;
				INFOPLIST_KEY_UILaunchStoryboardName = LaunchScreen;
				INFOPLIST_KEY_UIMainStoryboardFile = Main;
				INFOPLIST_KEY_UISupportedInterfaceOrientations_iPad = "UIInterfaceOrientationPortrait UIInterfaceOrientationPortraitUpsideDown UIInterfaceOrientationLandscapeLeft UIInterfaceOrientationLandscapeRight";
				INFOPLIST_KEY_UISupportedInterfaceOrientations_iPhone = "UIInterfaceOrientationPortrait UIInterfaceOrientationLandscapeLeft UIInterfaceOrientationLandscapeRight";
				LD_RUNPATH_SEARCH_PATHS = (
					"$(inherited)",
					"@executable_path/Frameworks",
				);
				MARKETING_VERSION = 1.0;
				PRODUCT_BUNDLE_IDENTIFIER = "com.canbaltaci.Learning-Segues-99";
				PRODUCT_NAME = "$(TARGET_NAME)";
				SWIFT_EMIT_LOC_STRINGS = YES;
				SWIFT_VERSION = 5.0;
				TARGETED_DEVICE_FAMILY = "1,2";
			};
			name = Release;
		};
/* End XCBuildConfiguration section */

/* Begin XCConfigurationList section */
		674AEBA72A7E19A2004DC4CF /* Build configuration list for PBXProject "Learning-Segues-99" */ = {
			isa = XCConfigurationList;
			buildConfigurations = (
				674AEBBE2A7E19A4004DC4CF /* Debug */,
				674AEBBF2A7E19A4004DC4CF /* Release */,
			);
			defaultConfigurationIsVisible = 0;
			defaultConfigurationName = Release;
		};
		674AEBC02A7E19A4004DC4CF /* Build configuration list for PBXNativeTarget "Learning-Segues-99" */ = {
			isa = XCConfigurationList;
			buildConfigurations = (
				674AEBC12A7E19A4004DC4CF /* Debug */,
				674AEBC22A7E19A4004DC4CF /* Release */,
			);
			defaultConfigurationIsVisible = 0;
			defaultConfigurationName = Release;
		};
/* End XCConfigurationList section */
	};
	rootObject = 674AEBA42A7E19A2004DC4CF /* Project object */;
}
